github.com/twbs/bootstrap v4.4.1+incompatible h1:AueNOcQyhFaWJDynY+tJaK1QR+9Dx2CpqW+EoTBUznk=
github.com/twbs/bootstrap v4.4.1+incompatible/go.mod h1:fZTSrkpSf0/HkL0IIJzvVspTt1r9zuf7XlZau8kpcY0=
github.com/twbs/bootstrap v4.5.2+incompatible h1:QR6UOtm1+LCDK53CzEp8U0NPIYeRUktVgNhq0gaAGP0=
github.com/twbs/bootstrap v4.5.2+incompatible/go.mod h1:fZTSrkpSf0/HkL0IIJzvVspTt1r9zuf7XlZau8kpcY0=
github.com/twbs/bootstrap v4.6.0+incompatible h1:gHX/lyS+3sUtHS6AKI365MfWukJ9N/Mltrc0lfdXYfs=
github.com/twbs/bootstrap v4.6.0+incompatible/go.mod h1:fZTSrkpSf0/HkL0IIJzvVspTt1r9zuf7XlZau8kpcY0=
github.com/twbs/bootstrap v4.6.1+incompatible h1:75PsBfPU1SS65ag0Z3Cq6JNXVAfUNfB0oCLHh9k9Fu8=
github.com/twbs/bootstrap v4.6.1+incompatible/go.mod h1:fZTSrkpSf0/HkL0IIJzvVspTt1r9zuf7XlZau8kpcY0=
